// !$*UTF8*$!
{
	archiveVersion = 1;
	classes = {
	};
	objectVersion = 50;
	objects = {

/* Begin PBXBuildFile section */
		FAFD448F26A507370057F297 /* AppDelegate.swift in Sources */ = {isa = PBXBuildFile; fileRef = FAFD448E26A507370057F297 /* AppDelegate.swift */; };
		FAFD449826A507370057F297 /* Assets.xcassets in Resources */ = {isa = PBXBuildFile; fileRef = FAFD449726A507370057F297 /* Assets.xcassets */; };
		FAFD449B26A507370057F297 /* LaunchScreen.storyboard in Resources */ = {isa = PBXBuildFile; fileRef = FAFD449926A507370057F297 /* LaunchScreen.storyboard */; };
		FAFD44A626A507380057F297 /* RayPetsTests.swift in Sources */ = {isa = PBXBuildFile; fileRef = FAFD44A526A507380057F297 /* RayPetsTests.swift */; };
		FAFD44B126A507380057F297 /* RayPetsUITests.swift in Sources */ = {isa = PBXBuildFile; fileRef = FAFD44B026A507380057F297 /* RayPetsUITests.swift */; };
		FAFD44C326A507560057F297 /* Router.swift in Sources */ = {isa = PBXBuildFile; fileRef = FAFD44C226A507560057F297 /* Router.swift */; };
		FAFD44CC26A507710057F297 /* NavigationRouter.swift in Sources */ = {isa = PBXBuildFile; fileRef = FAFD44CB26A507710057F297 /* NavigationRouter.swift */; };
		FAFD44D426A507810057F297 /* Coordinator.swift in Sources */ = {isa = PBXBuildFile; fileRef = FAFD44D326A507810057F297 /* Coordinator.swift */; };
		FAFD44DB26A507D90057F297 /* AppDelegateRouter.swift in Sources */ = {isa = PBXBuildFile; fileRef = FAFD44DA26A507D90057F297 /* AppDelegateRouter.swift */; };
		FAFD44E426A5084F0057F297 /* HomeCoordinator.swift in Sources */ = {isa = PBXBuildFile; fileRef = FAFD44E326A5084F0057F297 /* HomeCoordinator.swift */; };
		FAFD44ED26A508940057F297 /* HomeViewController.swift in Sources */ = {isa = PBXBuildFile; fileRef = FAFD44EB26A508940057F297 /* HomeViewController.swift */; };
		FAFD44EE26A508940057F297 /* HomeViewController.xib in Resources */ = {isa = PBXBuildFile; fileRef = FAFD44EC26A508940057F297 /* HomeViewController.xib */; };
		FAFD450026A50D0D0057F297 /* SelectVisitTypeViewController.swift in Sources */ = {isa = PBXBuildFile; fileRef = FAFD44FE26A50D0D0057F297 /* SelectVisitTypeViewController.swift */; };
		FAFD450126A50D0D0057F297 /* SelectVisitTypeViewController.xib in Resources */ = {isa = PBXBuildFile; fileRef = FAFD44FF26A50D0D0057F297 /* SelectVisitTypeViewController.xib */; };
		FAFD450926A50D5D0057F297 /* PetAppointmentBuilderCoordinator.swift in Sources */ = {isa = PBXBuildFile; fileRef = FAFD450826A50D5D0057F297 /* PetAppointmentBuilderCoordinator.swift */; };
		FAFD450E26A50DCB0057F297 /* PetAppointmentBuilder.swift in Sources */ = {isa = PBXBuildFile; fileRef = FAFD450D26A50DCB0057F297 /* PetAppointmentBuilder.swift */; };
		FAFD452A26A514F80057F297 /* NoAppointmentRequiredViewController.swift in Sources */ = {isa = PBXBuildFile; fileRef = FAFD452826A514F80057F297 /* NoAppointmentRequiredViewController.swift */; };
		FAFD452B26A514F80057F297 /* NoAppointmentRequiredViewController.xib in Resources */ = {isa = PBXBuildFile; fileRef = FAFD452926A514F80057F297 /* NoAppointmentRequiredViewController.xib */; };
		FAFD453126A5150F0057F297 /* SelectPainLevelViewController.swift in Sources */ = {isa = PBXBuildFile; fileRef = FAFD452F26A5150F0057F297 /* SelectPainLevelViewController.swift */; };
		FAFD453226A5150F0057F297 /* SelectPainLevelViewController.xib in Resources */ = {isa = PBXBuildFile; fileRef = FAFD453026A5150F0057F297 /* SelectPainLevelViewController.xib */; };
		FAFD453926A515D90057F297 /* FakingItViewController.swift in Sources */ = {isa = PBXBuildFile; fileRef = FAFD453726A515D90057F297 /* FakingItViewController.swift */; };
		FAFD453A26A515D90057F297 /* FakingItViewController.xib in Resources */ = {isa = PBXBuildFile; fileRef = FAFD453826A515D90057F297 /* FakingItViewController.xib */; };
		FAFD454226A52D5B0057F297 /* ModalNavigationRouter.swift in Sources */ = {isa = PBXBuildFile; fileRef = FAFD454126A52D5B0057F297 /* ModalNavigationRouter.swift */; };
/* End PBXBuildFile section */

/* Begin PBXContainerItemProxy section */
		FAFD44A226A507380057F297 /* PBXContainerItemProxy */ = {
			isa = PBXContainerItemProxy;
			containerPortal = FAFD448326A507370057F297 /* Project object */;
			proxyType = 1;
			remoteGlobalIDString = FAFD448A26A507370057F297;
			remoteInfo = RayPets;
		};
		FAFD44AD26A507380057F297 /* PBXContainerItemProxy */ = {
			isa = PBXContainerItemProxy;
			containerPortal = FAFD448326A507370057F297 /* Project object */;
			proxyType = 1;
			remoteGlobalIDString = FAFD448A26A507370057F297;
			remoteInfo = RayPets;
		};
/* End PBXContainerItemProxy section */

/* Begin PBXFileReference section */
		FAFD448B26A507370057F297 /* RayPets.app */ = {isa = PBXFileReference; explicitFileType = wrapper.application; includeInIndex = 0; path = RayPets.app; sourceTree = BUILT_PRODUCTS_DIR; };
		FAFD448E26A507370057F297 /* AppDelegate.swift */ = {isa = PBXFileReference; lastKnownFileType = sourcecode.swift; path = AppDelegate.swift; sourceTree = "<group>"; };
		FAFD449726A507370057F297 /* Assets.xcassets */ = {isa = PBXFileReference; lastKnownFileType = folder.assetcatalog; path = Assets.xcassets; sourceTree = "<group>"; };
		FAFD449A26A507370057F297 /* Base */ = {isa = PBXFileReference; lastKnownFileType = file.storyboard; name = Base; path = Base.lproj/LaunchScreen.storyboard; sourceTree = "<group>"; };
		FAFD449C26A507370057F297 /* Info.plist */ = {isa = PBXFileReference; lastKnownFileType = text.plist.xml; path = Info.plist; sourceTree = "<group>"; };
		FAFD44A126A507380057F297 /* RayPetsTests.xctest */ = {isa = PBXFileReference; explicitFileType = wrapper.cfbundle; includeInIndex = 0; path = RayPetsTests.xctest; sourceTree = BUILT_PRODUCTS_DIR; };
		FAFD44A526A507380057F297 /* RayPetsTests.swift */ = {isa = PBXFileReference; lastKnownFileType = sourcecode.swift; path = RayPetsTests.swift; sourceTree = "<group>"; };
		FAFD44A726A507380057F297 /* Info.plist */ = {isa = PBXFileReference; lastKnownFileType = text.plist.xml; path = Info.plist; sourceTree = "<group>"; };
		FAFD44AC26A507380057F297 /* RayPetsUITests.xctest */ = {isa = PBXFileReference; explicitFileType = wrapper.cfbundle; includeInIndex = 0; path = RayPetsUITests.xctest; sourceTree = BUILT_PRODUCTS_DIR; };
		FAFD44B026A507380057F297 /* RayPetsUITests.swift */ = {isa = PBXFileReference; lastKnownFileType = sourcecode.swift; path = RayPetsUITests.swift; sourceTree = "<group>"; };
		FAFD44B226A507380057F297 /* Info.plist */ = {isa = PBXFileReference; lastKnownFileType = text.plist.xml; path = Info.plist; sourceTree = "<group>"; };
		FAFD44C226A507560057F297 /* Router.swift */ = {isa = PBXFileReference; lastKnownFileType = sourcecode.swift; path = Router.swift; sourceTree = "<group>"; };
		FAFD44CB26A507710057F297 /* NavigationRouter.swift */ = {isa = PBXFileReference; lastKnownFileType = sourcecode.swift; path = NavigationRouter.swift; sourceTree = "<group>"; };
		FAFD44D326A507810057F297 /* Coordinator.swift */ = {isa = PBXFileReference; lastKnownFileType = sourcecode.swift; path = Coordinator.swift; sourceTree = "<group>"; };
		FAFD44DA26A507D90057F297 /* AppDelegateRouter.swift */ = {isa = PBXFileReference; lastKnownFileType = sourcecode.swift; path = AppDelegateRouter.swift; sourceTree = "<group>"; };
		FAFD44E326A5084F0057F297 /* HomeCoordinator.swift */ = {isa = PBXFileReference; lastKnownFileType = sourcecode.swift; path = HomeCoordinator.swift; sourceTree = "<group>"; };
		FAFD44EB26A508940057F297 /* HomeViewController.swift */ = {isa = PBXFileReference; lastKnownFileType = sourcecode.swift; path = HomeViewController.swift; sourceTree = "<group>"; };
		FAFD44EC26A508940057F297 /* HomeViewController.xib */ = {isa = PBXFileReference; lastKnownFileType = file.xib; path = HomeViewController.xib; sourceTree = "<group>"; };
		FAFD44FE26A50D0D0057F297 /* SelectVisitTypeViewController.swift */ = {isa = PBXFileReference; lastKnownFileType = sourcecode.swift; path = SelectVisitTypeViewController.swift; sourceTree = "<group>"; };
		FAFD44FF26A50D0D0057F297 /* SelectVisitTypeViewController.xib */ = {isa = PBXFileReference; lastKnownFileType = file.xib; path = SelectVisitTypeViewController.xib; sourceTree = "<group>"; };
		FAFD450826A50D5D0057F297 /* PetAppointmentBuilderCoordinator.swift */ = {isa = PBXFileReference; lastKnownFileType = sourcecode.swift; path = PetAppointmentBuilderCoordinator.swift; sourceTree = "<group>"; };
		FAFD450D26A50DCB0057F297 /* PetAppointmentBuilder.swift */ = {isa = PBXFileReference; lastKnownFileType = sourcecode.swift; path = PetAppointmentBuilder.swift; sourceTree = "<group>"; };
		FAFD452826A514F80057F297 /* NoAppointmentRequiredViewController.swift */ = {isa = PBXFileReference; lastKnownFileType = sourcecode.swift; path = NoAppointmentRequiredViewController.swift; sourceTree = "<group>"; };
		FAFD452926A514F80057F297 /* NoAppointmentRequiredViewController.xib */ = {isa = PBXFileReference; lastKnownFileType = file.xib; path = NoAppointmentRequiredViewController.xib; sourceTree = "<group>"; };
		FAFD452F26A5150F0057F297 /* SelectPainLevelViewController.swift */ = {isa = PBXFileReference; lastKnownFileType = sourcecode.swift; path = SelectPainLevelViewController.swift; sourceTree = "<group>"; };
		FAFD453026A5150F0057F297 /* SelectPainLevelViewController.xib */ = {isa = PBXFileReference; lastKnownFileType = file.xib; path = SelectPainLevelViewController.xib; sourceTree = "<group>"; };
		FAFD453726A515D90057F297 /* FakingItViewController.swift */ = {isa = PBXFileReference; lastKnownFileType = sourcecode.swift; path = FakingItViewController.swift; sourceTree = "<group>"; };
		FAFD453826A515D90057F297 /* FakingItViewController.xib */ = {isa = PBXFileReference; lastKnownFileType = file.xib; path = FakingItViewController.xib; sourceTree = "<group>"; };
		FAFD454126A52D5B0057F297 /* ModalNavigationRouter.swift */ = {isa = PBXFileReference; lastKnownFileType = sourcecode.swift; path = ModalNavigationRouter.swift; sourceTree = "<group>"; };
/* End PBXFileReference section */

/* Begin PBXFrameworksBuildPhase section */
		FAFD448826A507370057F297 /* Frameworks */ = {
			isa = PBXFrameworksBuildPhase;
			buildActionMask = 2147483647;
			files = (
			);
			runOnlyForDeploymentPostprocessing = 0;
		};
		FAFD449E26A507380057F297 /* Frameworks */ = {
			isa = PBXFrameworksBuildPhase;
			buildActionMask = 2147483647;
			files = (
			);
			runOnlyForDeploymentPostprocessing = 0;
		};
		FAFD44A926A507380057F297 /* Frameworks */ = {
			isa = PBXFrameworksBuildPhase;
			buildActionMask = 2147483647;
			files = (
			);
			runOnlyForDeploymentPostprocessing = 0;
		};
/* End PBXFrameworksBuildPhase section */

/* Begin PBXGroup section */
		FAFD448226A507370057F297 = {
			isa = PBXGroup;
			children = (
				FAFD448D26A507370057F297 /* RayPets */,
				FAFD44A426A507380057F297 /* RayPetsTests */,
				FAFD44AF26A507380057F297 /* RayPetsUITests */,
				FAFD448C26A507370057F297 /* Products */,
			);
			sourceTree = "<group>";
		};
		FAFD448C26A507370057F297 /* Products */ = {
			isa = PBXGroup;
			children = (
				FAFD448B26A507370057F297 /* RayPets.app */,
				FAFD44A126A507380057F297 /* RayPetsTests.xctest */,
				FAFD44AC26A507380057F297 /* RayPetsUITests.xctest */,
			);
			name = Products;
			sourceTree = "<group>";
		};
		FAFD448D26A507370057F297 /* RayPets */ = {
			isa = PBXGroup;
			children = (
				FAFD44D926A507CB0057F297 /* App */,
				FAFD44D826A507A80057F297 /* Scenes */,
				FAFD44C126A5074B0057F297 /* Utils */,
				FAFD449726A507370057F297 /* Assets.xcassets */,
				FAFD449926A507370057F297 /* LaunchScreen.storyboard */,
				FAFD449C26A507370057F297 /* Info.plist */,
			);
			path = RayPets;
			sourceTree = "<group>";
		};
		FAFD44A426A507380057F297 /* RayPetsTests */ = {
			isa = PBXGroup;
			children = (
				FAFD44A526A507380057F297 /* RayPetsTests.swift */,
				FAFD44A726A507380057F297 /* Info.plist */,
			);
			path = RayPetsTests;
			sourceTree = "<group>";
		};
		FAFD44AF26A507380057F297 /* RayPetsUITests */ = {
			isa = PBXGroup;
			children = (
				FAFD44B026A507380057F297 /* RayPetsUITests.swift */,
				FAFD44B226A507380057F297 /* Info.plist */,
			);
			path = RayPetsUITests;
			sourceTree = "<group>";
		};
		FAFD44C126A5074B0057F297 /* Utils */ = {
			isa = PBXGroup;
			children = (
				FAFD44C226A507560057F297 /* Router.swift */,
				FAFD44CB26A507710057F297 /* NavigationRouter.swift */,
				FAFD44D326A507810057F297 /* Coordinator.swift */,
				FAFD454126A52D5B0057F297 /* ModalNavigationRouter.swift */,
			);
			path = Utils;
			sourceTree = "<group>";
		};
		FAFD44D826A507A80057F297 /* Scenes */ = {
			isa = PBXGroup;
			children = (
				FAFD44E226A508430057F297 /* Home */,
				FAFD454626A64CF80057F297 /* PetAppintment */,
			);
			path = Scenes;
			sourceTree = "<group>";
		};
		FAFD44D926A507CB0057F297 /* App */ = {
			isa = PBXGroup;
			children = (
				FAFD448E26A507370057F297 /* AppDelegate.swift */,
				FAFD44DA26A507D90057F297 /* AppDelegateRouter.swift */,
			);
			path = App;
			sourceTree = "<group>";
		};
		FAFD44E226A508430057F297 /* Home */ = {
			isa = PBXGroup;
			children = (
				FAFD44EB26A508940057F297 /* HomeViewController.swift */,
				FAFD44EC26A508940057F297 /* HomeViewController.xib */,
				FAFD44E326A5084F0057F297 /* HomeCoordinator.swift */,
			);
			path = Home;
			sourceTree = "<group>";
		};
		FAFD44FD26A50B7C0057F297 /* SelectVisitType */ = {
			isa = PBXGroup;
			children = (
				FAFD44FE26A50D0D0057F297 /* SelectVisitTypeViewController.swift */,
				FAFD44FF26A50D0D0057F297 /* SelectVisitTypeViewController.xib */,
			);
			path = SelectVisitType;
			sourceTree = "<group>";
		};
		FAFD451B26A510BE0057F297 /* NoAppointment */ = {
			isa = PBXGroup;
			children = (
				FAFD452826A514F80057F297 /* NoAppointmentRequiredViewController.swift */,
				FAFD452926A514F80057F297 /* NoAppointmentRequiredViewController.xib */,
			);
			path = NoAppointment;
			sourceTree = "<group>";
		};
		FAFD451C26A510C50057F297 /* SelectPainLevel */ = {
			isa = PBXGroup;
			children = (
				FAFD452F26A5150F0057F297 /* SelectPainLevelViewController.swift */,
				FAFD453026A5150F0057F297 /* SelectPainLevelViewController.xib */,
			);
			path = SelectPainLevel;
			sourceTree = "<group>";
		};
		FAFD453626A515B50057F297 /* FakingIt */ = {
			isa = PBXGroup;
			children = (
				FAFD453726A515D90057F297 /* FakingItViewController.swift */,
				FAFD453826A515D90057F297 /* FakingItViewController.xib */,
			);
			path = FakingIt;
			sourceTree = "<group>";
		};
		FAFD454626A64CF80057F297 /* PetAppintment */ = {
			isa = PBXGroup;
			children = (
				FAFD44FD26A50B7C0057F297 /* SelectVisitType */,
				FAFD451C26A510C50057F297 /* SelectPainLevel */,
				FAFD453626A515B50057F297 /* FakingIt */,
				FAFD451B26A510BE0057F297 /* NoAppointment */,
				FAFD450D26A50DCB0057F297 /* PetAppointmentBuilder.swift */,
				FAFD450826A50D5D0057F297 /* PetAppointmentBuilderCoordinator.swift */,
			);
			path = PetAppintment;
			sourceTree = "<group>";
		};
/* End PBXGroup section */

/* Begin PBXNativeTarget section */
		FAFD448A26A507370057F297 /* RayPets */ = {
			isa = PBXNativeTarget;
			buildConfigurationList = FAFD44B526A507380057F297 /* Build configuration list for PBXNativeTarget "RayPets" */;
			buildPhases = (
				FAFD448726A507370057F297 /* Sources */,
				FAFD448826A507370057F297 /* Frameworks */,
				FAFD448926A507370057F297 /* Resources */,
			);
			buildRules = (
			);
			dependencies = (
			);
			name = RayPets;
			productName = RayPets;
			productReference = FAFD448B26A507370057F297 /* RayPets.app */;
			productType = "com.apple.product-type.application";
		};
		FAFD44A026A507380057F297 /* RayPetsTests */ = {
			isa = PBXNativeTarget;
			buildConfigurationList = FAFD44B826A507380057F297 /* Build configuration list for PBXNativeTarget "RayPetsTests" */;
			buildPhases = (
				FAFD449D26A507380057F297 /* Sources */,
				FAFD449E26A507380057F297 /* Frameworks */,
				FAFD449F26A507380057F297 /* Resources */,
			);
			buildRules = (
			);
			dependencies = (
				FAFD44A326A507380057F297 /* PBXTargetDependency */,
			);
			name = RayPetsTests;
			productName = RayPetsTests;
			productReference = FAFD44A126A507380057F297 /* RayPetsTests.xctest */;
			productType = "com.apple.product-type.bundle.unit-test";
		};
		FAFD44AB26A507380057F297 /* RayPetsUITests */ = {
			isa = PBXNativeTarget;
			buildConfigurationList = FAFD44BB26A507380057F297 /* Build configuration list for PBXNativeTarget "RayPetsUITests" */;
			buildPhases = (
				FAFD44A826A507380057F297 /* Sources */,
				FAFD44A926A507380057F297 /* Frameworks */,
				FAFD44AA26A507380057F297 /* Resources */,
			);
			buildRules = (
			);
			dependencies = (
				FAFD44AE26A507380057F297 /* PBXTargetDependency */,
			);
			name = RayPetsUITests;
			productName = RayPetsUITests;
			productReference = FAFD44AC26A507380057F297 /* RayPetsUITests.xctest */;
			productType = "com.apple.product-type.bundle.ui-testing";
		};
/* End PBXNativeTarget section */

/* Begin PBXProject section */
		FAFD448326A507370057F297 /* Project object */ = {
			isa = PBXProject;
			attributes = {
				LastSwiftUpdateCheck = 1240;
				LastUpgradeCheck = 1240;
				TargetAttributes = {
					FAFD448A26A507370057F297 = {
						CreatedOnToolsVersion = 12.4;
					};
					FAFD44A026A507380057F297 = {
						CreatedOnToolsVersion = 12.4;
						TestTargetID = FAFD448A26A507370057F297;
					};
					FAFD44AB26A507380057F297 = {
						CreatedOnToolsVersion = 12.4;
						TestTargetID = FAFD448A26A507370057F297;
					};
				};
			};
			buildConfigurationList = FAFD448626A507370057F297 /* Build configuration list for PBXProject "RayPets" */;
			compatibilityVersion = "Xcode 9.3";
			developmentRegion = en;
			hasScannedForEncodings = 0;
			knownRegions = (
				en,
				Base,
			);
			mainGroup = FAFD448226A507370057F297;
			productRefGroup = FAFD448C26A507370057F297 /* Products */;
			projectDirPath = "";
			projectRoot = "";
			targets = (
				FAFD448A26A507370057F297 /* RayPets */,
				FAFD44A026A507380057F297 /* RayPetsTests */,
				FAFD44AB26A507380057F297 /* RayPetsUITests */,
			);
		};
/* End PBXProject section */

/* Begin PBXResourcesBuildPhase section */
		FAFD448926A507370057F297 /* Resources */ = {
			isa = PBXResourcesBuildPhase;
			buildActionMask = 2147483647;
			files = (
				FAFD449B26A507370057F297 /* LaunchScreen.storyboard in Resources */,
				FAFD453226A5150F0057F297 /* SelectPainLevelViewController.xib in Resources */,
				FAFD449826A507370057F297 /* Assets.xcassets in Resources */,
				FAFD452B26A514F80057F297 /* NoAppointmentRequiredViewController.xib in Resources */,
				FAFD450126A50D0D0057F297 /* SelectVisitTypeViewController.xib in Resources */,
				FAFD44EE26A508940057F297 /* HomeViewController.xib in Resources */,
				FAFD453A26A515D90057F297 /* FakingItViewController.xib in Resources */,
			);
			runOnlyForDeploymentPostprocessing = 0;
		};
		FAFD449F26A507380057F297 /* Resources */ = {
			isa = PBXResourcesBuildPhase;
			buildActionMask = 2147483647;
			files = (
			);
			runOnlyForDeploymentPostprocessing = 0;
		};
		FAFD44AA26A507380057F297 /* Resources */ = {
			isa = PBXResourcesBuildPhase;
			buildActionMask = 2147483647;
			files = (
			);
			runOnlyForDeploymentPostprocessing = 0;
		};
/* End PBXResourcesBuildPhase section */

/* Begin PBXSourcesBuildPhase section */
		FAFD448726A507370057F297 /* Sources */ = {
			isa = PBXSourcesBuildPhase;
			buildActionMask = 2147483647;
			files = (
				FAFD452A26A514F80057F297 /* NoAppointmentRequiredViewController.swift in Sources */,
				FAFD44DB26A507D90057F297 /* AppDelegateRouter.swift in Sources */,
				FAFD44C326A507560057F297 /* Router.swift in Sources */,
				FAFD44D426A507810057F297 /* Coordinator.swift in Sources */,
				FAFD454226A52D5B0057F297 /* ModalNavigationRouter.swift in Sources */,
				FAFD450926A50D5D0057F297 /* PetAppointmentBuilderCoordinator.swift in Sources */,
				FAFD450026A50D0D0057F297 /* SelectVisitTypeViewController.swift in Sources */,
				FAFD448F26A507370057F297 /* AppDelegate.swift in Sources */,
				FAFD450E26A50DCB0057F297 /* PetAppointmentBuilder.swift in Sources */,
				FAFD453926A515D90057F297 /* FakingItViewController.swift in Sources */,
				FAFD453126A5150F0057F297 /* SelectPainLevelViewController.swift in Sources */,
				FAFD44ED26A508940057F297 /* HomeViewController.swift in Sources */,
				FAFD44E426A5084F0057F297 /* HomeCoordinator.swift in Sources */,
				FAFD44CC26A507710057F297 /* NavigationRouter.swift in Sources */,
			);
			runOnlyForDeploymentPostprocessing = 0;
		};
		FAFD449D26A507380057F297 /* Sources */ = {
			isa = PBXSourcesBuildPhase;
			buildActionMask = 2147483647;
			files = (
				FAFD44A626A507380057F297 /* RayPetsTests.swift in Sources */,
			);
			runOnlyForDeploymentPostprocessing = 0;
		};
		FAFD44A826A507380057F297 /* Sources */ = {
			isa = PBXSourcesBuildPhase;
			buildActionMask = 2147483647;
			files = (
				FAFD44B126A507380057F297 /* RayPetsUITests.swift in Sources */,
			);
			runOnlyForDeploymentPostprocessing = 0;
		};
/* End PBXSourcesBuildPhase section */

/* Begin PBXTargetDependency section */
		FAFD44A326A507380057F297 /* PBXTargetDependency */ = {
			isa = PBXTargetDependency;
			target = FAFD448A26A507370057F297 /* RayPets */;
			targetProxy = FAFD44A226A507380057F297 /* PBXContainerItemProxy */;
		};
		FAFD44AE26A507380057F297 /* PBXTargetDependency */ = {
			isa = PBXTargetDependency;
			target = FAFD448A26A507370057F297 /* RayPets */;
			targetProxy = FAFD44AD26A507380057F297 /* PBXContainerItemProxy */;
		};
/* End PBXTargetDependency section */

/* Begin PBXVariantGroup section */
		FAFD449926A507370057F297 /* LaunchScreen.storyboard */ = {
			isa = PBXVariantGroup;
			children = (
				FAFD449A26A507370057F297 /* Base */,
			);
			name = LaunchScreen.storyboard;
			sourceTree = "<group>";
		};
/* End PBXVariantGroup section */

/* Begin XCBuildConfiguration section */
		FAFD44B326A507380057F297 /* Debug */ = {
			isa = XCBuildConfiguration;
			buildSettings = {
				ALWAYS_SEARCH_USER_PATHS = NO;
				CLANG_ANALYZER_NONNULL = YES;
				CLANG_ANALYZER_NUMBER_OBJECT_CONVERSION = YES_AGGRESSIVE;
				CLANG_CXX_LANGUAGE_STANDARD = "gnu++14";
				CLANG_CXX_LIBRARY = "libc++";
				CLANG_ENABLE_MODULES = YES;
				CLANG_ENABLE_OBJC_ARC = YES;
				CLANG_ENABLE_OBJC_WEAK = YES;
				CLANG_WARN_BLOCK_CAPTURE_AUTORELEASING = YES;
				CLANG_WARN_BOOL_CONVERSION = YES;
				CLANG_WARN_COMMA = YES;
				CLANG_WARN_CONSTANT_CONVERSION = YES;
				CLANG_WARN_DEPRECATED_OBJC_IMPLEMENTATIONS = YES;
				CLANG_WARN_DIRECT_OBJC_ISA_USAGE = YES_ERROR;
				CLANG_WARN_DOCUMENTATION_COMMENTS = YES;
				CLANG_WARN_EMPTY_BODY = YES;
				CLANG_WARN_ENUM_CONVERSION = YES;
				CLANG_WARN_INFINITE_RECURSION = YES;
				CLANG_WARN_INT_CONVERSION = YES;
				CLANG_WARN_NON_LITERAL_NULL_CONVERSION = YES;
				CLANG_WARN_OBJC_IMPLICIT_RETAIN_SELF = YES;
				CLANG_WARN_OBJC_LITERAL_CONVERSION = YES;
				CLANG_WARN_OBJC_ROOT_CLASS = YES_ERROR;
				CLANG_WARN_QUOTED_INCLUDE_IN_FRAMEWORK_HEADER = YES;
				CLANG_WARN_RANGE_LOOP_ANALYSIS = YES;
				CLANG_WARN_STRICT_PROTOTYPES = YES;
				CLANG_WARN_SUSPICIOUS_MOVE = YES;
				CLANG_WARN_UNGUARDED_AVAILABILITY = YES_AGGRESSIVE;
				CLANG_WARN_UNREACHABLE_CODE = YES;
				CLANG_WARN__DUPLICATE_METHOD_MATCH = YES;
				COPY_PHASE_STRIP = NO;
				DEBUG_INFORMATION_FORMAT = dwarf;
				ENABLE_STRICT_OBJC_MSGSEND = YES;
				ENABLE_TESTABILITY = YES;
				GCC_C_LANGUAGE_STANDARD = gnu11;
				GCC_DYNAMIC_NO_PIC = NO;
				GCC_NO_COMMON_BLOCKS = YES;
				GCC_OPTIMIZATION_LEVEL = 0;
				GCC_PREPROCESSOR_DEFINITIONS = (
					"DEBUG=1",
					"$(inherited)",
				);
				GCC_WARN_64_TO_32_BIT_CONVERSION = YES;
				GCC_WARN_ABOUT_RETURN_TYPE = YES_ERROR;
				GCC_WARN_UNDECLARED_SELECTOR = YES;
				GCC_WARN_UNINITIALIZED_AUTOS = YES_AGGRESSIVE;
				GCC_WARN_UNUSED_FUNCTION = YES;
				GCC_WARN_UNUSED_VARIABLE = YES;
				IPHONEOS_DEPLOYMENT_TARGET = 14.4;
				MTL_ENABLE_DEBUG_INFO = INCLUDE_SOURCE;
				MTL_FAST_MATH = YES;
				ONLY_ACTIVE_ARCH = YES;
				SDKROOT = iphoneos;
				SWIFT_ACTIVE_COMPILATION_CONDITIONS = DEBUG;
				SWIFT_OPTIMIZATION_LEVEL = "-Onone";
			};
			name = Debug;
		};
		FAFD44B426A507380057F297 /* Release */ = {
			isa = XCBuildConfiguration;
			buildSettings = {
				ALWAYS_SEARCH_USER_PATHS = NO;
				CLANG_ANALYZER_NONNULL = YES;
				CLANG_ANALYZER_NUMBER_OBJECT_CONVERSION = YES_AGGRESSIVE;
				CLANG_CXX_LANGUAGE_STANDARD = "gnu++14";
				CLANG_CXX_LIBRARY = "libc++";
				CLANG_ENABLE_MODULES = YES;
				CLANG_ENABLE_OBJC_ARC = YES;
				CLANG_ENABLE_OBJC_WEAK = YES;
				CLANG_WARN_BLOCK_CAPTURE_AUTORELEASING = YES;
				CLANG_WARN_BOOL_CONVERSION = YES;
				CLANG_WARN_COMMA = YES;
				CLANG_WARN_CONSTANT_CONVERSION = YES;
				CLANG_WARN_DEPRECATED_OBJC_IMPLEMENTATIONS = YES;
				CLANG_WARN_DIRECT_OBJC_ISA_USAGE = YES_ERROR;
				CLANG_WARN_DOCUMENTATION_COMMENTS = YES;
				CLANG_WARN_EMPTY_BODY = YES;
				CLANG_WARN_ENUM_CONVERSION = YES;
				CLANG_WARN_INFINITE_RECURSION = YES;
				CLANG_WARN_INT_CONVERSION = YES;
				CLANG_WARN_NON_LITERAL_NULL_CONVERSION = YES;
				CLANG_WARN_OBJC_IMPLICIT_RETAIN_SELF = YES;
				CLANG_WARN_OBJC_LITERAL_CONVERSION = YES;
				CLANG_WARN_OBJC_ROOT_CLASS = YES_ERROR;
				CLANG_WARN_QUOTED_INCLUDE_IN_FRAMEWORK_HEADER = YES;
				CLANG_WARN_RANGE_LOOP_ANALYSIS = YES;
				CLANG_WARN_STRICT_PROTOTYPES = YES;
				CLANG_WARN_SUSPICIOUS_MOVE = YES;
				CLANG_WARN_UNGUARDED_AVAILABILITY = YES_AGGRESSIVE;
				CLANG_WARN_UNREACHABLE_CODE = YES;
				CLANG_WARN__DUPLICATE_METHOD_MATCH = YES;
				COPY_PHASE_STRIP = NO;
				DEBUG_INFORMATION_FORMAT = "dwarf-with-dsym";
				ENABLE_NS_ASSERTIONS = NO;
				ENABLE_STRICT_OBJC_MSGSEND = YES;
				GCC_C_LANGUAGE_STANDARD = gnu11;
				GCC_NO_COMMON_BLOCKS = YES;
				GCC_WARN_64_TO_32_BIT_CONVERSION = YES;
				GCC_WARN_ABOUT_RETURN_TYPE = YES_ERROR;
				GCC_WARN_UNDECLARED_SELECTOR = YES;
				GCC_WARN_UNINITIALIZED_AUTOS = YES_AGGRESSIVE;
				GCC_WARN_UNUSED_FUNCTION = YES;
				GCC_WARN_UNUSED_VARIABLE = YES;
				IPHONEOS_DEPLOYMENT_TARGET = 14.4;
				MTL_ENABLE_DEBUG_INFO = NO;
				MTL_FAST_MATH = YES;
				SDKROOT = iphoneos;
				SWIFT_COMPILATION_MODE = wholemodule;
				SWIFT_OPTIMIZATION_LEVEL = "-O";
				VALIDATE_PRODUCT = YES;
			};
			name = Release;
		};
		FAFD44B626A507380057F297 /* Debug */ = {
			isa = XCBuildConfiguration;
			buildSettings = {
				ASSETCATALOG_COMPILER_APPICON_NAME = AppIcon;
				ASSETCATALOG_COMPILER_GLOBAL_ACCENT_COLOR_NAME = AccentColor;
				CODE_SIGN_STYLE = Automatic;
				DEVELOPMENT_TEAM = 3AM7R7TW97;
				INFOPLIST_FILE = RayPets/Info.plist;
				LD_RUNPATH_SEARCH_PATHS = (
					"$(inherited)",
					"@executable_path/Frameworks",
				);
				PRODUCT_BUNDLE_IDENTIFIER = com.ssionii.RayPets;
				PRODUCT_NAME = "$(TARGET_NAME)";
				SWIFT_VERSION = 5.0;
				TARGETED_DEVICE_FAMILY = "1,2";
			};
			name = Debug;
		};
		FAFD44B726A507380057F297 /* Release */ = {
			isa = XCBuildConfiguration;
			buildSettings = {
				ASSETCATALOG_COMPILER_APPICON_NAME = AppIcon;
				ASSETCATALOG_COMPILER_GLOBAL_ACCENT_COLOR_NAME = AccentColor;
				CODE_SIGN_STYLE = Automatic;
				DEVELOPMENT_TEAM = 3AM7R7TW97;
				INFOPLIST_FILE = RayPets/Info.plist;
				LD_RUNPATH_SEARCH_PATHS = (
					"$(inherited)",
					"@executable_path/Frameworks",
				);
				PRODUCT_BUNDLE_IDENTIFIER = com.ssionii.RayPets;
				PRODUCT_NAME = "$(TARGET_NAME)";
				SWIFT_VERSION = 5.0;
				TARGETED_DEVICE_FAMILY = "1,2";
			};
			name = Release;
		};
		FAFD44B926A507380057F297 /* Debug */ = {
			isa = XCBuildConfiguration;
			buildSettings = {
				ALWAYS_EMBED_SWIFT_STANDARD_LIBRARIES = YES;
				BUNDLE_LOADER = "$(TEST_HOST)";
				CODE_SIGN_STYLE = Automatic;
				DEVELOPMENT_TEAM = 3AM7R7TW97;
				INFOPLIST_FILE = RayPetsTests/Info.plist;
				IPHONEOS_DEPLOYMENT_TARGET = 14.4;
				LD_RUNPATH_SEARCH_PATHS = (
					"$(inherited)",
					"@executable_path/Frameworks",
					"@loader_path/Frameworks",
				);
				PRODUCT_BUNDLE_IDENTIFIER = com.ssionii.RayPetsTests;
				PRODUCT_NAME = "$(TARGET_NAME)";
				SWIFT_VERSION = 5.0;
				TARGETED_DEVICE_FAMILY = "1,2";
				TEST_HOST = "$(BUILT_PRODUCTS_DIR)/RayPets.app/RayPets";
			};
			name = Debug;
		};
		FAFD44BA26A507380057F297 /* Release */ = {
			isa = XCBuildConfiguration;
			buildSettings = {
				ALWAYS_EMBED_SWIFT_STANDARD_LIBRARIES = YES;
				BUNDLE_LOADER = "$(TEST_HOST)";
				CODE_SIGN_STYLE = Automatic;
				DEVELOPMENT_TEAM = 3AM7R7TW97;
				INFOPLIST_FILE = RayPetsTests/Info.plist;
				IPHONEOS_DEPLOYMENT_TARGET = 14.4;
				LD_RUNPATH_SEARCH_PATHS = (
					"$(inherited)",
					"@executable_path/Frameworks",
					"@loader_path/Frameworks",
				);
				PRODUCT_BUNDLE_IDENTIFIER = com.ssionii.RayPetsTests;
				PRODUCT_NAME = "$(TARGET_NAME)";
				SWIFT_VERSION = 5.0;
				TARGETED_DEVICE_FAMILY = "1,2";
				TEST_HOST = "$(BUILT_PRODUCTS_DIR)/RayPets.app/RayPets";
			};
			name = Release;
		};
		FAFD44BC26A507380057F297 /* Debug */ = {
			isa = XCBuildConfiguration;
			buildSettings = {
				ALWAYS_EMBED_SWIFT_STANDARD_LIBRARIES = YES;
				CODE_SIGN_STYLE = Automatic;
				DEVELOPMENT_TEAM = 3AM7R7TW97;
				INFOPLIST_FILE = RayPetsUITests/Info.plist;
				LD_RUNPATH_SEARCH_PATHS = (
					"$(inherited)",
					"@executable_path/Frameworks",
					"@loader_path/Frameworks",
				);
				PRODUCT_BUNDLE_IDENTIFIER = com.ssionii.RayPetsUITests;
				PRODUCT_NAME = "$(TARGET_NAME)";
				SWIFT_VERSION = 5.0;
				TARGETED_DEVICE_FAMILY = "1,2";
				TEST_TARGET_NAME = RayPets;
			};
			name = Debug;
		};
		FAFD44BD26A507380057F297 /* Release */ = {
			isa = XCBuildConfiguration;
			buildSettings = {
				ALWAYS_EMBED_SWIFT_STANDARD_LIBRARIES = YES;
				CODE_SIGN_STYLE = Automatic;
				DEVELOPMENT_TEAM = 3AM7R7TW97;
				INFOPLIST_FILE = RayPetsUITests/Info.plist;
				LD_RUNPATH_SEARCH_PATHS = (
					"$(inherited)",
					"@executable_path/Frameworks",
					"@loader_path/Frameworks",
				);
				PRODUCT_BUNDLE_IDENTIFIER = com.ssionii.RayPetsUITests;
				PRODUCT_NAME = "$(TARGET_NAME)";
				SWIFT_VERSION = 5.0;
				TARGETED_DEVICE_FAMILY = "1,2";
				TEST_TARGET_NAME = RayPets;
			};
			name = Release;
		};
/* End XCBuildConfiguration section */

/* Begin XCConfigurationList section */
		FAFD448626A507370057F297 /* Build configuration list for PBXProject "RayPets" */ = {
			isa = XCConfigurationList;
			buildConfigurations = (
				FAFD44B326A507380057F297 /* Debug */,
				FAFD44B426A507380057F297 /* Release */,
			);
			defaultConfigurationIsVisible = 0;
			defaultConfigurationName = Release;
		};
		FAFD44B526A507380057F297 /* Build configuration list for PBXNativeTarget "RayPets" */ = {
			isa = XCConfigurationList;
			buildConfigurations = (
				FAFD44B626A507380057F297 /* Debug */,
				FAFD44B726A507380057F297 /* Release */,
			);
			defaultConfigurationIsVisible = 0;
			defaultConfigurationName = Release;
		};
		FAFD44B826A507380057F297 /* Build configuration list for PBXNativeTarget "RayPetsTests" */ = {
			isa = XCConfigurationList;
			buildConfigurations = (
				FAFD44B926A507380057F297 /* Debug */,
				FAFD44BA26A507380057F297 /* Release */,
			);
			defaultConfigurationIsVisible = 0;
			defaultConfigurationName = Release;
		};
		FAFD44BB26A507380057F297 /* Build configuration list for PBXNativeTarget "RayPetsUITests" */ = {
			isa = XCConfigurationList;
			buildConfigurations = (
				FAFD44BC26A507380057F297 /* Debug */,
				FAFD44BD26A507380057F297 /* Release */,
			);
			defaultConfigurationIsVisible = 0;
			defaultConfigurationName = Release;
		};
/* End XCConfigurationList section */
	};
	rootObject = FAFD448326A507370057F297 /* Project object */;
}
